// !$*UTF8*$!
{
	archiveVersion = 1;
	classes = {
	};
	objectVersion = 50;
	objects = {

/* Begin PBXBuildFile section */
		BC230100B78F7333F85CC084 /* PrimaryTitleLabel.swift in Sources */ = {isa = PBXBuildFile; fileRef = BC230388E85CAEEAAD382CC5 /* PrimaryTitleLabel.swift */; };
		BC23020D97AE517E5C876EB8 /* PrimaryButton.swift in Sources */ = {isa = PBXBuildFile; fileRef = BC23037C44C14E728C7EB9F0 /* PrimaryButton.swift */; };
		BC23021B4FF9CBC03DE5C68B /* UIViewController+Extension.swift in Sources */ = {isa = PBXBuildFile; fileRef = BC230D7ACCD924044F902C2B /* UIViewController+Extension.swift */; };
		BC23021F5F9EFE7861500B17 /* RepoItemViewController.swift in Sources */ = {isa = PBXBuildFile; fileRef = BC230FDA12E1CFF3A83FAD12 /* RepoItemViewController.swift */; };
		BC23046F904D013A36819371 /* LaunchScreen.storyboard in Resources */ = {isa = PBXBuildFile; fileRef = BC2300D9E6DE6FF8035A4D0C /* LaunchScreen.storyboard */; };
		BC2307064E2802E0F6080516 /* AppDelegate.swift in Sources */ = {isa = PBXBuildFile; fileRef = BC2309BFA921EA779FC2B835 /* AppDelegate.swift */; };
		BC23076ED10DB5D0C07F7250 /* FavoritesListViewController.swift in Sources */ = {isa = PBXBuildFile; fileRef = BC230F42AB3B6B0BE40F808E /* FavoritesListViewController.swift */; };
		BC230825F0EBCADB57251F54 /* FollowerItemViewController.swift in Sources */ = {isa = PBXBuildFile; fileRef = BC23030E90F6F15C3537E377 /* FollowerItemViewController.swift */; };
		BC2308F95336A02A35D07007 /* User.swift in Sources */ = {isa = PBXBuildFile; fileRef = BC23078C997513CCE620A8C2 /* User.swift */; };
		BC230942B7869FF0B57EF16D /* CustomAlertViewController.swift in Sources */ = {isa = PBXBuildFile; fileRef = BC230BB935005EA1C24F8DC5 /* CustomAlertViewController.swift */; };
		BC23098F46D8D28DB7D12E2A /* Assets.xcassets in Resources */ = {isa = PBXBuildFile; fileRef = BC230EB1D8F39765658441A7 /* Assets.xcassets */; };
		BC23099DDCF5EDABDFACB745 /* PrimaryTextField.swift in Sources */ = {isa = PBXBuildFile; fileRef = BC23098BCB87E4315A300833 /* PrimaryTextField.swift */; };
		BC230AB0D153C0E5C048E722 /* FollowerViewCell.swift in Sources */ = {isa = PBXBuildFile; fileRef = BC230B90EDA8229D25AFF38A /* FollowerViewCell.swift */; };
		BC230B52D347CB9002F05C13 /* Follower.swift in Sources */ = {isa = PBXBuildFile; fileRef = BC2305F55FB7A213243589B9 /* Follower.swift */; };
		BC230BEA2FFE6CBAC12D503C /* SearchViewController.swift in Sources */ = {isa = PBXBuildFile; fileRef = BC230D0C68FD6572ACC32BB0 /* SearchViewController.swift */; };
		BC230E02519E3BDDD6353E42 /* FollowersListViewController.swift in Sources */ = {isa = PBXBuildFile; fileRef = BC230C88DF5426FF7CB754C0 /* FollowersListViewController.swift */; };
		BC230EA1758BB0D4EB762126 /* SceneDelegate.swift in Sources */ = {isa = PBXBuildFile; fileRef = BC230A6E4C82999F1B32FCA3 /* SceneDelegate.swift */; };
		BC230EE69D3A50C760565176 /* BodyLabel.swift in Sources */ = {isa = PBXBuildFile; fileRef = BC230329A8B2B6551780BB43 /* BodyLabel.swift */; };
		BC230F601334D35E42BFACD7 /* ItemInfoViewController.swift in Sources */ = {isa = PBXBuildFile; fileRef = BC230D08CBE422C6792D3FB8 /* ItemInfoViewController.swift */; };
		E629EAE024379FC6004F0A0A /* PersistenceManager.swift in Sources */ = {isa = PBXBuildFile; fileRef = E629EADF24379FC6004F0A0A /* PersistenceManager.swift */; };
		E629EAE22437BD91004F0A0A /* FavoriteTableViewCell.swift in Sources */ = {isa = PBXBuildFile; fileRef = E629EAE12437BD91004F0A0A /* FavoriteTableViewCell.swift */; };
		E629EAE52437F0AC004F0A0A /* TabBarController.swift in Sources */ = {isa = PBXBuildFile; fileRef = E629EAE42437F0AC004F0A0A /* TabBarController.swift */; };
		E629EAE72437FDE9004F0A0A /* UIconstants.swift in Sources */ = {isa = PBXBuildFile; fileRef = E629EAE62437FDE9004F0A0A /* UIconstants.swift */; };
		E629EAE924380A78004F0A0A /* CustomAlertContainerView.swift in Sources */ = {isa = PBXBuildFile; fileRef = E629EAE824380A78004F0A0A /* CustomAlertContainerView.swift */; };
		E6326A812433C0E700D4C1DD /* AvatarImageView.swift in Sources */ = {isa = PBXBuildFile; fileRef = E6326A802433C0E700D4C1DD /* AvatarImageView.swift */; };
		E647CDF324352D8200252603 /* UserInfoViewController.swift in Sources */ = {isa = PBXBuildFile; fileRef = E647CDF224352D8200252603 /* UserInfoViewController.swift */; };
		E654D40D2432A3BC001FA154 /* NetworkManager.swift in Sources */ = {isa = PBXBuildFile; fileRef = E654D40C2432A3BC001FA154 /* NetworkManager.swift */; };
		E654D4122432C848001FA154 /* GFError.swift in Sources */ = {isa = PBXBuildFile; fileRef = E654D4112432C848001FA154 /* GFError.swift */; };
		E6AD67B124365AC5007C0BB9 /* UserInfoHeaderViewController.swift in Sources */ = {isa = PBXBuildFile; fileRef = E6AD67B024365AC5007C0BB9 /* UserInfoHeaderViewController.swift */; };
		E6AD67B324365B08007C0BB9 /* SecondaryTitleLabel.swift in Sources */ = {isa = PBXBuildFile; fileRef = E6AD67B224365B08007C0BB9 /* SecondaryTitleLabel.swift */; };
		E6AD67B524366792007C0BB9 /* Constants.swift in Sources */ = {isa = PBXBuildFile; fileRef = E6AD67B424366792007C0BB9 /* Constants.swift */; };
		E6AD67B724367D5D007C0BB9 /* ItemInfoView.swift in Sources */ = {isa = PBXBuildFile; fileRef = E6AD67B624367D5C007C0BB9 /* ItemInfoView.swift */; };
		E6AD67BF243692A8007C0BB9 /* String.swift in Sources */ = {isa = PBXBuildFile; fileRef = E6AD67BE243692A8007C0BB9 /* String.swift */; };
		E6AD67C1243692DB007C0BB9 /* Date.swift in Sources */ = {isa = PBXBuildFile; fileRef = E6AD67C0243692DB007C0BB9 /* Date.swift */; };
		E6BC2D002433EDD600967001 /* UIHelper.swift in Sources */ = {isa = PBXBuildFile; fileRef = E6BC2CFF2433EDD600967001 /* UIHelper.swift */; };
		E6BC2D0724341C4F00967001 /* EmptyStateView.swift in Sources */ = {isa = PBXBuildFile; fileRef = E6BC2D0624341C4F00967001 /* EmptyStateView.swift */; };
		E6C3687B242AB82A004A8372 /* GHFollowersTests.swift in Sources */ = {isa = PBXBuildFile; fileRef = E6C3687A242AB82A004A8372 /* GHFollowersTests.swift */; };
		E6C36886242AB82A004A8372 /* GHFollowersUITests.swift in Sources */ = {isa = PBXBuildFile; fileRef = E6C36885242AB82A004A8372 /* GHFollowersUITests.swift */; };
/* End PBXBuildFile section */

/* Begin PBXContainerItemProxy section */
		E6C36877242AB82A004A8372 /* PBXContainerItemProxy */ = {
			isa = PBXContainerItemProxy;
			containerPortal = E6C36858242AB825004A8372 /* Project object */;
			proxyType = 1;
			remoteGlobalIDString = E6C3685F242AB825004A8372;
			remoteInfo = GHFollowers;
		};
		E6C36882242AB82A004A8372 /* PBXContainerItemProxy */ = {
			isa = PBXContainerItemProxy;
			containerPortal = E6C36858242AB825004A8372 /* Project object */;
			proxyType = 1;
			remoteGlobalIDString = E6C3685F242AB825004A8372;
			remoteInfo = GHFollowers;
		};
/* End PBXContainerItemProxy section */

/* Begin PBXFileReference section */
		BC2300D9E6DE6FF8035A4D0C /* LaunchScreen.storyboard */ = {isa = PBXFileReference; lastKnownFileType = file.storyboard; path = LaunchScreen.storyboard; sourceTree = "<group>"; };
		BC23030E90F6F15C3537E377 /* FollowerItemViewController.swift */ = {isa = PBXFileReference; fileEncoding = 4; lastKnownFileType = sourcecode.swift; path = FollowerItemViewController.swift; sourceTree = "<group>"; };
		BC230329A8B2B6551780BB43 /* BodyLabel.swift */ = {isa = PBXFileReference; fileEncoding = 4; lastKnownFileType = sourcecode.swift; path = BodyLabel.swift; sourceTree = "<group>"; };
		BC23037C44C14E728C7EB9F0 /* PrimaryButton.swift */ = {isa = PBXFileReference; fileEncoding = 4; lastKnownFileType = sourcecode.swift; path = PrimaryButton.swift; sourceTree = "<group>"; };
		BC230388E85CAEEAAD382CC5 /* PrimaryTitleLabel.swift */ = {isa = PBXFileReference; fileEncoding = 4; lastKnownFileType = sourcecode.swift; path = PrimaryTitleLabel.swift; sourceTree = "<group>"; };
		BC2305F55FB7A213243589B9 /* Follower.swift */ = {isa = PBXFileReference; fileEncoding = 4; lastKnownFileType = sourcecode.swift; path = Follower.swift; sourceTree = "<group>"; };
		BC23078C997513CCE620A8C2 /* User.swift */ = {isa = PBXFileReference; fileEncoding = 4; lastKnownFileType = sourcecode.swift; path = User.swift; sourceTree = "<group>"; };
		BC23098BCB87E4315A300833 /* PrimaryTextField.swift */ = {isa = PBXFileReference; fileEncoding = 4; lastKnownFileType = sourcecode.swift; path = PrimaryTextField.swift; sourceTree = "<group>"; };
		BC2309BFA921EA779FC2B835 /* AppDelegate.swift */ = {isa = PBXFileReference; fileEncoding = 4; lastKnownFileType = sourcecode.swift; path = AppDelegate.swift; sourceTree = "<group>"; };
		BC230A6E4C82999F1B32FCA3 /* SceneDelegate.swift */ = {isa = PBXFileReference; fileEncoding = 4; lastKnownFileType = sourcecode.swift; path = SceneDelegate.swift; sourceTree = "<group>"; };
		BC230B90EDA8229D25AFF38A /* FollowerViewCell.swift */ = {isa = PBXFileReference; fileEncoding = 4; lastKnownFileType = sourcecode.swift; path = FollowerViewCell.swift; sourceTree = "<group>"; };
		BC230BB935005EA1C24F8DC5 /* CustomAlertViewController.swift */ = {isa = PBXFileReference; fileEncoding = 4; lastKnownFileType = sourcecode.swift; path = CustomAlertViewController.swift; sourceTree = "<group>"; };
		BC230C88DF5426FF7CB754C0 /* FollowersListViewController.swift */ = {isa = PBXFileReference; fileEncoding = 4; lastKnownFileType = sourcecode.swift; path = FollowersListViewController.swift; sourceTree = "<group>"; };
		BC230D08CBE422C6792D3FB8 /* ItemInfoViewController.swift */ = {isa = PBXFileReference; fileEncoding = 4; lastKnownFileType = sourcecode.swift; path = ItemInfoViewController.swift; sourceTree = "<group>"; };
		BC230D0C68FD6572ACC32BB0 /* SearchViewController.swift */ = {isa = PBXFileReference; fileEncoding = 4; lastKnownFileType = sourcecode.swift; path = SearchViewController.swift; sourceTree = "<group>"; };
		BC230D7ACCD924044F902C2B /* UIViewController+Extension.swift */ = {isa = PBXFileReference; fileEncoding = 4; lastKnownFileType = sourcecode.swift; path = "UIViewController+Extension.swift"; sourceTree = "<group>"; };
		BC230EB1D8F39765658441A7 /* Assets.xcassets */ = {isa = PBXFileReference; lastKnownFileType = folder.assetcatalog; path = Assets.xcassets; sourceTree = "<group>"; };
		BC230F42AB3B6B0BE40F808E /* FavoritesListViewController.swift */ = {isa = PBXFileReference; fileEncoding = 4; lastKnownFileType = sourcecode.swift; path = FavoritesListViewController.swift; sourceTree = "<group>"; };
		BC230FDA12E1CFF3A83FAD12 /* RepoItemViewController.swift */ = {isa = PBXFileReference; fileEncoding = 4; lastKnownFileType = sourcecode.swift; path = RepoItemViewController.swift; sourceTree = "<group>"; };
		E629EADF24379FC6004F0A0A /* PersistenceManager.swift */ = {isa = PBXFileReference; lastKnownFileType = sourcecode.swift; path = PersistenceManager.swift; sourceTree = "<group>"; };
		E629EAE12437BD91004F0A0A /* FavoriteTableViewCell.swift */ = {isa = PBXFileReference; lastKnownFileType = sourcecode.swift; path = FavoriteTableViewCell.swift; sourceTree = "<group>"; };
		E629EAE42437F0AC004F0A0A /* TabBarController.swift */ = {isa = PBXFileReference; lastKnownFileType = sourcecode.swift; path = TabBarController.swift; sourceTree = "<group>"; };
		E629EAE62437FDE9004F0A0A /* UIconstants.swift */ = {isa = PBXFileReference; lastKnownFileType = sourcecode.swift; path = UIconstants.swift; sourceTree = "<group>"; };
		E629EAE824380A78004F0A0A /* CustomAlertContainerView.swift */ = {isa = PBXFileReference; lastKnownFileType = sourcecode.swift; path = CustomAlertContainerView.swift; sourceTree = "<group>"; };
		E6326A802433C0E700D4C1DD /* AvatarImageView.swift */ = {isa = PBXFileReference; lastKnownFileType = sourcecode.swift; path = AvatarImageView.swift; sourceTree = "<group>"; };
		E647CDF224352D8200252603 /* UserInfoViewController.swift */ = {isa = PBXFileReference; lastKnownFileType = sourcecode.swift; path = UserInfoViewController.swift; sourceTree = "<group>"; };
		E654D40C2432A3BC001FA154 /* NetworkManager.swift */ = {isa = PBXFileReference; lastKnownFileType = sourcecode.swift; path = NetworkManager.swift; sourceTree = "<group>"; };
		E654D4112432C848001FA154 /* GFError.swift */ = {isa = PBXFileReference; lastKnownFileType = sourcecode.swift; path = GFError.swift; sourceTree = "<group>"; };
		E6AD67B024365AC5007C0BB9 /* UserInfoHeaderViewController.swift */ = {isa = PBXFileReference; lastKnownFileType = sourcecode.swift; path = UserInfoHeaderViewController.swift; sourceTree = "<group>"; };
		E6AD67B224365B08007C0BB9 /* SecondaryTitleLabel.swift */ = {isa = PBXFileReference; lastKnownFileType = sourcecode.swift; path = SecondaryTitleLabel.swift; sourceTree = "<group>"; };
		E6AD67B424366792007C0BB9 /* Constants.swift */ = {isa = PBXFileReference; lastKnownFileType = sourcecode.swift; path = Constants.swift; sourceTree = "<group>"; };
		E6AD67B624367D5C007C0BB9 /* ItemInfoView.swift */ = {isa = PBXFileReference; lastKnownFileType = sourcecode.swift; path = ItemInfoView.swift; sourceTree = "<group>"; };
		E6AD67BE243692A8007C0BB9 /* String.swift */ = {isa = PBXFileReference; lastKnownFileType = sourcecode.swift; path = String.swift; sourceTree = "<group>"; };
		E6AD67C0243692DB007C0BB9 /* Date.swift */ = {isa = PBXFileReference; lastKnownFileType = sourcecode.swift; path = Date.swift; sourceTree = "<group>"; };
		E6BC2CFF2433EDD600967001 /* UIHelper.swift */ = {isa = PBXFileReference; lastKnownFileType = sourcecode.swift; path = UIHelper.swift; sourceTree = "<group>"; };
		E6BC2D0624341C4F00967001 /* EmptyStateView.swift */ = {isa = PBXFileReference; lastKnownFileType = sourcecode.swift; path = EmptyStateView.swift; sourceTree = "<group>"; };
		E6C36860242AB825004A8372 /* GHFollowers.app */ = {isa = PBXFileReference; explicitFileType = wrapper.application; includeInIndex = 0; path = GHFollowers.app; sourceTree = BUILT_PRODUCTS_DIR; };
		E6C36871242AB82A004A8372 /* Info.plist */ = {isa = PBXFileReference; lastKnownFileType = text.plist.xml; path = Info.plist; sourceTree = "<group>"; };
		E6C36876242AB82A004A8372 /* GHFollowersTests.xctest */ = {isa = PBXFileReference; explicitFileType = wrapper.cfbundle; includeInIndex = 0; path = GHFollowersTests.xctest; sourceTree = BUILT_PRODUCTS_DIR; };
		E6C3687A242AB82A004A8372 /* GHFollowersTests.swift */ = {isa = PBXFileReference; lastKnownFileType = sourcecode.swift; path = GHFollowersTests.swift; sourceTree = "<group>"; };
		E6C3687C242AB82A004A8372 /* Info.plist */ = {isa = PBXFileReference; lastKnownFileType = text.plist.xml; path = Info.plist; sourceTree = "<group>"; };
		E6C36881242AB82A004A8372 /* GHFollowersUITests.xctest */ = {isa = PBXFileReference; explicitFileType = wrapper.cfbundle; includeInIndex = 0; path = GHFollowersUITests.xctest; sourceTree = BUILT_PRODUCTS_DIR; };
		E6C36885242AB82A004A8372 /* GHFollowersUITests.swift */ = {isa = PBXFileReference; lastKnownFileType = sourcecode.swift; path = GHFollowersUITests.swift; sourceTree = "<group>"; };
		E6C36887242AB82B004A8372 /* Info.plist */ = {isa = PBXFileReference; lastKnownFileType = text.plist.xml; path = Info.plist; sourceTree = "<group>"; };
/* End PBXFileReference section */

/* Begin PBXFrameworksBuildPhase section */
		E6C3685D242AB825004A8372 /* Frameworks */ = {
			isa = PBXFrameworksBuildPhase;
			buildActionMask = 2147483647;
			files = (
			);
			runOnlyForDeploymentPostprocessing = 0;
		};
		E6C36873242AB82A004A8372 /* Frameworks */ = {
			isa = PBXFrameworksBuildPhase;
			buildActionMask = 2147483647;
			files = (
			);
			runOnlyForDeploymentPostprocessing = 0;
		};
		E6C3687E242AB82A004A8372 /* Frameworks */ = {
			isa = PBXFrameworksBuildPhase;
			buildActionMask = 2147483647;
			files = (
			);
			runOnlyForDeploymentPostprocessing = 0;
		};
/* End PBXFrameworksBuildPhase section */

/* Begin PBXGroup section */
		BC230240F85183FB574400DB /* model */ = {
			isa = PBXGroup;
			children = (
				BC2305F55FB7A213243589B9 /* Follower.swift */,
				BC23078C997513CCE620A8C2 /* User.swift */,
			);
			path = model;
			sourceTree = "<group>";
		};
		BC230560A2425CADC369D705 /* cells */ = {
			isa = PBXGroup;
			children = (
				BC230B90EDA8229D25AFF38A /* FollowerViewCell.swift */,
				E629EAE12437BD91004F0A0A /* FavoriteTableViewCell.swift */,
			);
			path = cells;
			sourceTree = "<group>";
		};
		BC230C4D668DD505E0EB27FB /* iteminfovcs */ = {
			isa = PBXGroup;
			children = (
				BC230FDA12E1CFF3A83FAD12 /* RepoItemViewController.swift */,
				BC230D08CBE422C6792D3FB8 /* ItemInfoViewController.swift */,
				BC23030E90F6F15C3537E377 /* FollowerItemViewController.swift */,
			);
			path = iteminfovcs;
			sourceTree = "<group>";
		};
		BC230CF9D68D791323E80D23 /* support */ = {
			isa = PBXGroup;
			children = (
				BC230A6E4C82999F1B32FCA3 /* SceneDelegate.swift */,
				BC230EB1D8F39765658441A7 /* Assets.xcassets */,
				BC2300D9E6DE6FF8035A4D0C /* LaunchScreen.storyboard */,
				BC2309BFA921EA779FC2B835 /* AppDelegate.swift */,
			);
			path = support;
			sourceTree = "<group>";
		};
		E629EAE32437F073004F0A0A /* tabbarcontrollers */ = {
			isa = PBXGroup;
			children = (
				E629EAE42437F0AC004F0A0A /* TabBarController.swift */,
			);
			path = tabbarcontrollers;
			sourceTree = "<group>";
		};
		E654D40724328F67001FA154 /* views */ = {
			isa = PBXGroup;
			children = (
				E629EAE32437F073004F0A0A /* tabbarcontrollers */,
				E6BC2D0524341BD900967001 /* viewcontrollers */,
				E6BC2D0424341BD100967001 /* imageview */,
				E6BC2D0324341BCB00967001 /* textfield */,
				E6BC2D0224341BC300967001 /* buttons */,
				E6BC2D0124341BB700967001 /* views */,
				BC230560A2425CADC369D705 /* cells */,
			);
			path = views;
			sourceTree = "<group>";
		};
		E654D40824328FA4001FA154 /* ui */ = {
			isa = PBXGroup;
			children = (
				BC230C88DF5426FF7CB754C0 /* FollowersListViewController.swift */,
				BC230F42AB3B6B0BE40F808E /* FavoritesListViewController.swift */,
				BC230D0C68FD6572ACC32BB0 /* SearchViewController.swift */,
				E647CDF224352D8200252603 /* UserInfoViewController.swift */,
			);
			path = ui;
			sourceTree = "<group>";
		};
		E654D40924328FC2001FA154 /* extensions */ = {
			isa = PBXGroup;
			children = (
				BC230D7ACCD924044F902C2B /* UIViewController+Extension.swift */,
				E6AD67BE243692A8007C0BB9 /* String.swift */,
				E6AD67C0243692DB007C0BB9 /* Date.swift */,
			);
			path = extensions;
			sourceTree = "<group>";
		};
		E654D40B2432A399001FA154 /* managers */ = {
			isa = PBXGroup;
			children = (
				E654D40C2432A3BC001FA154 /* NetworkManager.swift */,
				E629EADF24379FC6004F0A0A /* PersistenceManager.swift */,
			);
			path = managers;
			sourceTree = "<group>";
		};
		E654D4102432C833001FA154 /* utilities */ = {
			isa = PBXGroup;
			children = (
				E654D4112432C848001FA154 /* GFError.swift */,
				E6BC2CFF2433EDD600967001 /* UIHelper.swift */,
				E6AD67B424366792007C0BB9 /* Constants.swift */,
				E629EAE62437FDE9004F0A0A /* UIconstants.swift */,
			);
			path = utilities;
			sourceTree = "<group>";
		};
		E6BC2D0124341BB700967001 /* views */ = {
			isa = PBXGroup;
			children = (
				E6BC2D0624341C4F00967001 /* EmptyStateView.swift */,
				E6AD67B624367D5C007C0BB9 /* ItemInfoView.swift */,
				E629EAE824380A78004F0A0A /* CustomAlertContainerView.swift */,
			);
			path = views;
			sourceTree = "<group>";
		};
		E6BC2D0224341BC300967001 /* buttons */ = {
			isa = PBXGroup;
			children = (
				BC23037C44C14E728C7EB9F0 /* PrimaryButton.swift */,
			);
			path = buttons;
			sourceTree = "<group>";
		};
		E6BC2D0324341BCB00967001 /* textfield */ = {
			isa = PBXGroup;
			children = (
				BC230329A8B2B6551780BB43 /* BodyLabel.swift */,
				BC230388E85CAEEAAD382CC5 /* PrimaryTitleLabel.swift */,
				BC23098BCB87E4315A300833 /* PrimaryTextField.swift */,
				E6AD67B224365B08007C0BB9 /* SecondaryTitleLabel.swift */,
			);
			path = textfield;
			sourceTree = "<group>";
		};
		E6BC2D0424341BD100967001 /* imageview */ = {
			isa = PBXGroup;
			children = (
				E6326A802433C0E700D4C1DD /* AvatarImageView.swift */,
			);
			path = imageview;
			sourceTree = "<group>";
		};
		E6BC2D0524341BD900967001 /* viewcontrollers */ = {
			isa = PBXGroup;
			children = (
				BC230BB935005EA1C24F8DC5 /* CustomAlertViewController.swift */,
				E6AD67B024365AC5007C0BB9 /* UserInfoHeaderViewController.swift */,
				BC230C4D668DD505E0EB27FB /* iteminfovcs */,
			);
			path = viewcontrollers;
			sourceTree = "<group>";
		};
		E6C36857242AB825004A8372 = {
			isa = PBXGroup;
			children = (
				E6C36862242AB825004A8372 /* GHFollowers */,
				E6C36879242AB82A004A8372 /* GHFollowersTests */,
				E6C36884242AB82A004A8372 /* GHFollowersUITests */,
				E6C36861242AB825004A8372 /* Products */,
			);
			sourceTree = "<group>";
		};
		E6C36861242AB825004A8372 /* Products */ = {
			isa = PBXGroup;
			children = (
				E6C36860242AB825004A8372 /* GHFollowers.app */,
				E6C36876242AB82A004A8372 /* GHFollowersTests.xctest */,
				E6C36881242AB82A004A8372 /* GHFollowersUITests.xctest */,
			);
			name = Products;
			sourceTree = "<group>";
		};
		E6C36862242AB825004A8372 /* GHFollowers */ = {
			isa = PBXGroup;
			children = (
				E6C36871242AB82A004A8372 /* Info.plist */,
				E654D4102432C833001FA154 /* utilities */,
				E654D40B2432A399001FA154 /* managers */,
				E654D40924328FC2001FA154 /* extensions */,
				E654D40824328FA4001FA154 /* ui */,
				E654D40724328F67001FA154 /* views */,
				BC230CF9D68D791323E80D23 /* support */,
				BC230240F85183FB574400DB /* model */,
			);
			path = GHFollowers;
			sourceTree = "<group>";
		};
		E6C36879242AB82A004A8372 /* GHFollowersTests */ = {
			isa = PBXGroup;
			children = (
				E6C3687A242AB82A004A8372 /* GHFollowersTests.swift */,
				E6C3687C242AB82A004A8372 /* Info.plist */,
			);
			path = GHFollowersTests;
			sourceTree = "<group>";
		};
		E6C36884242AB82A004A8372 /* GHFollowersUITests */ = {
			isa = PBXGroup;
			children = (
				E6C36885242AB82A004A8372 /* GHFollowersUITests.swift */,
				E6C36887242AB82B004A8372 /* Info.plist */,
			);
			path = GHFollowersUITests;
			sourceTree = "<group>";
		};
/* End PBXGroup section */

/* Begin PBXNativeTarget section */
		E6C3685F242AB825004A8372 /* GHFollowers */ = {
			isa = PBXNativeTarget;
			buildConfigurationList = E6C3688A242AB82B004A8372 /* Build configuration list for PBXNativeTarget "GHFollowers" */;
			buildPhases = (
				E6C3685C242AB825004A8372 /* Sources */,
				E6C3685D242AB825004A8372 /* Frameworks */,
				E6C3685E242AB825004A8372 /* Resources */,
			);
			buildRules = (
			);
			dependencies = (
			);
			name = GHFollowers;
			productName = GHFollowers;
			productReference = E6C36860242AB825004A8372 /* GHFollowers.app */;
			productType = "com.apple.product-type.application";
		};
		E6C36875242AB82A004A8372 /* GHFollowersTests */ = {
			isa = PBXNativeTarget;
			buildConfigurationList = E6C3688D242AB82B004A8372 /* Build configuration list for PBXNativeTarget "GHFollowersTests" */;
			buildPhases = (
				E6C36872242AB82A004A8372 /* Sources */,
				E6C36873242AB82A004A8372 /* Frameworks */,
				E6C36874242AB82A004A8372 /* Resources */,
			);
			buildRules = (
			);
			dependencies = (
				E6C36878242AB82A004A8372 /* PBXTargetDependency */,
			);
			name = GHFollowersTests;
			productName = GHFollowersTests;
			productReference = E6C36876242AB82A004A8372 /* GHFollowersTests.xctest */;
			productType = "com.apple.product-type.bundle.unit-test";
		};
		E6C36880242AB82A004A8372 /* GHFollowersUITests */ = {
			isa = PBXNativeTarget;
			buildConfigurationList = E6C36890242AB82B004A8372 /* Build configuration list for PBXNativeTarget "GHFollowersUITests" */;
			buildPhases = (
				E6C3687D242AB82A004A8372 /* Sources */,
				E6C3687E242AB82A004A8372 /* Frameworks */,
				E6C3687F242AB82A004A8372 /* Resources */,
			);
			buildRules = (
			);
			dependencies = (
				E6C36883242AB82A004A8372 /* PBXTargetDependency */,
			);
			name = GHFollowersUITests;
			productName = GHFollowersUITests;
			productReference = E6C36881242AB82A004A8372 /* GHFollowersUITests.xctest */;
			productType = "com.apple.product-type.bundle.ui-testing";
		};
/* End PBXNativeTarget section */

/* Begin PBXProject section */
		E6C36858242AB825004A8372 /* Project object */ = {
			isa = PBXProject;
			attributes = {
				LastSwiftUpdateCheck = 1130;
				LastUpgradeCheck = 1130;
				ORGANIZATIONNAME = EderPadilla;
				TargetAttributes = {
					E6C3685F242AB825004A8372 = {
						CreatedOnToolsVersion = 11.3.1;
					};
					E6C36875242AB82A004A8372 = {
						CreatedOnToolsVersion = 11.3.1;
						TestTargetID = E6C3685F242AB825004A8372;
					};
					E6C36880242AB82A004A8372 = {
						CreatedOnToolsVersion = 11.3.1;
						TestTargetID = E6C3685F242AB825004A8372;
					};
				};
			};
			buildConfigurationList = E6C3685B242AB825004A8372 /* Build configuration list for PBXProject "GHFollowers" */;
			compatibilityVersion = "Xcode 9.3";
			developmentRegion = en;
			hasScannedForEncodings = 0;
			knownRegions = (
				en,
				Base,
			);
			mainGroup = E6C36857242AB825004A8372;
			productRefGroup = E6C36861242AB825004A8372 /* Products */;
			projectDirPath = "";
			projectRoot = "";
			targets = (
				E6C3685F242AB825004A8372 /* GHFollowers */,
				E6C36875242AB82A004A8372 /* GHFollowersTests */,
				E6C36880242AB82A004A8372 /* GHFollowersUITests */,
			);
		};
/* End PBXProject section */

/* Begin PBXResourcesBuildPhase section */
		E6C3685E242AB825004A8372 /* Resources */ = {
			isa = PBXResourcesBuildPhase;
			buildActionMask = 2147483647;
			files = (
				BC23098F46D8D28DB7D12E2A /* Assets.xcassets in Resources */,
				BC23046F904D013A36819371 /* LaunchScreen.storyboard in Resources */,
			);
			runOnlyForDeploymentPostprocessing = 0;
		};
		E6C36874242AB82A004A8372 /* Resources */ = {
			isa = PBXResourcesBuildPhase;
			buildActionMask = 2147483647;
			files = (
			);
			runOnlyForDeploymentPostprocessing = 0;
		};
		E6C3687F242AB82A004A8372 /* Resources */ = {
			isa = PBXResourcesBuildPhase;
			buildActionMask = 2147483647;
			files = (
			);
			runOnlyForDeploymentPostprocessing = 0;
		};
/* End PBXResourcesBuildPhase section */

/* Begin PBXSourcesBuildPhase section */
		E6C3685C242AB825004A8372 /* Sources */ = {
			isa = PBXSourcesBuildPhase;
			buildActionMask = 2147483647;
			files = (
				BC230EE69D3A50C760565176 /* BodyLabel.swift in Sources */,
				E629EAE72437FDE9004F0A0A /* UIconstants.swift in Sources */,
				E629EAE52437F0AC004F0A0A /* TabBarController.swift in Sources */,
				BC23099DDCF5EDABDFACB745 /* PrimaryTextField.swift in Sources */,
				E6BC2D0724341C4F00967001 /* EmptyStateView.swift in Sources */,
				BC23020D97AE517E5C876EB8 /* PrimaryButton.swift in Sources */,
				BC230100B78F7333F85CC084 /* PrimaryTitleLabel.swift in Sources */,
				E6AD67C1243692DB007C0BB9 /* Date.swift in Sources */,
				BC230E02519E3BDDD6353E42 /* FollowersListViewController.swift in Sources */,
				E6AD67B524366792007C0BB9 /* Constants.swift in Sources */,
				E6BC2D002433EDD600967001 /* UIHelper.swift in Sources */,
				BC23076ED10DB5D0C07F7250 /* FavoritesListViewController.swift in Sources */,
				BC230BEA2FFE6CBAC12D503C /* SearchViewController.swift in Sources */,
				E654D4122432C848001FA154 /* GFError.swift in Sources */,
				E6AD67B724367D5D007C0BB9 /* ItemInfoView.swift in Sources */,
				BC230942B7869FF0B57EF16D /* CustomAlertViewController.swift in Sources */,
				E629EAE22437BD91004F0A0A /* FavoriteTableViewCell.swift in Sources */,
				E6AD67B324365B08007C0BB9 /* SecondaryTitleLabel.swift in Sources */,
				E629EAE924380A78004F0A0A /* CustomAlertContainerView.swift in Sources */,
				E629EAE024379FC6004F0A0A /* PersistenceManager.swift in Sources */,
				BC23021B4FF9CBC03DE5C68B /* UIViewController+Extension.swift in Sources */,
				BC230EA1758BB0D4EB762126 /* SceneDelegate.swift in Sources */,
				E654D40D2432A3BC001FA154 /* NetworkManager.swift in Sources */,
				E6326A812433C0E700D4C1DD /* AvatarImageView.swift in Sources */,
				E6AD67BF243692A8007C0BB9 /* String.swift in Sources */,
				BC2307064E2802E0F6080516 /* AppDelegate.swift in Sources */,
				BC230B52D347CB9002F05C13 /* Follower.swift in Sources */,
				E647CDF324352D8200252603 /* UserInfoViewController.swift in Sources */,
				BC2308F95336A02A35D07007 /* User.swift in Sources */,
				BC230AB0D153C0E5C048E722 /* FollowerViewCell.swift in Sources */,
				E6AD67B124365AC5007C0BB9 /* UserInfoHeaderViewController.swift in Sources */,
				BC23021F5F9EFE7861500B17 /* RepoItemViewController.swift in Sources */,
				BC230F601334D35E42BFACD7 /* ItemInfoViewController.swift in Sources */,
				BC230825F0EBCADB57251F54 /* FollowerItemViewController.swift in Sources */,
			);
			runOnlyForDeploymentPostprocessing = 0;
		};
		E6C36872242AB82A004A8372 /* Sources */ = {
			isa = PBXSourcesBuildPhase;
			buildActionMask = 2147483647;
			files = (
				E6C3687B242AB82A004A8372 /* GHFollowersTests.swift in Sources */,
			);
			runOnlyForDeploymentPostprocessing = 0;
		};
		E6C3687D242AB82A004A8372 /* Sources */ = {
			isa = PBXSourcesBuildPhase;
			buildActionMask = 2147483647;
			files = (
				E6C36886242AB82A004A8372 /* GHFollowersUITests.swift in Sources */,
			);
			runOnlyForDeploymentPostprocessing = 0;
		};
/* End PBXSourcesBuildPhase section */

/* Begin PBXTargetDependency section */
		E6C36878242AB82A004A8372 /* PBXTargetDependency */ = {
			isa = PBXTargetDependency;
			target = E6C3685F242AB825004A8372 /* GHFollowers */;
			targetProxy = E6C36877242AB82A004A8372 /* PBXContainerItemProxy */;
		};
		E6C36883242AB82A004A8372 /* PBXTargetDependency */ = {
			isa = PBXTargetDependency;
			target = E6C3685F242AB825004A8372 /* GHFollowers */;
			targetProxy = E6C36882242AB82A004A8372 /* PBXContainerItemProxy */;
		};
/* End PBXTargetDependency section */

/* Begin XCBuildConfiguration section */
		E6C36888242AB82B004A8372 /* Debug */ = {
			isa = XCBuildConfiguration;
			buildSettings = {
				ALWAYS_SEARCH_USER_PATHS = NO;
				CLANG_ANALYZER_NONNULL = YES;
				CLANG_ANALYZER_NUMBER_OBJECT_CONVERSION = YES_AGGRESSIVE;
				CLANG_CXX_LANGUAGE_STANDARD = "gnu++14";
				CLANG_CXX_LIBRARY = "libc++";
				CLANG_ENABLE_MODULES = YES;
				CLANG_ENABLE_OBJC_ARC = YES;
				CLANG_ENABLE_OBJC_WEAK = YES;
				CLANG_WARN_BLOCK_CAPTURE_AUTORELEASING = YES;
				CLANG_WARN_BOOL_CONVERSION = YES;
				CLANG_WARN_COMMA = YES;
				CLANG_WARN_CONSTANT_CONVERSION = YES;
				CLANG_WARN_DEPRECATED_OBJC_IMPLEMENTATIONS = YES;
				CLANG_WARN_DIRECT_OBJC_ISA_USAGE = YES_ERROR;
				CLANG_WARN_DOCUMENTATION_COMMENTS = YES;
				CLANG_WARN_EMPTY_BODY = YES;
				CLANG_WARN_ENUM_CONVERSION = YES;
				CLANG_WARN_INFINITE_RECURSION = YES;
				CLANG_WARN_INT_CONVERSION = YES;
				CLANG_WARN_NON_LITERAL_NULL_CONVERSION = YES;
				CLANG_WARN_OBJC_IMPLICIT_RETAIN_SELF = YES;
				CLANG_WARN_OBJC_LITERAL_CONVERSION = YES;
				CLANG_WARN_OBJC_ROOT_CLASS = YES_ERROR;
				CLANG_WARN_RANGE_LOOP_ANALYSIS = YES;
				CLANG_WARN_STRICT_PROTOTYPES = YES;
				CLANG_WARN_SUSPICIOUS_MOVE = YES;
				CLANG_WARN_UNGUARDED_AVAILABILITY = YES_AGGRESSIVE;
				CLANG_WARN_UNREACHABLE_CODE = YES;
				CLANG_WARN__DUPLICATE_METHOD_MATCH = YES;
				COPY_PHASE_STRIP = NO;
				DEBUG_INFORMATION_FORMAT = dwarf;
				ENABLE_STRICT_OBJC_MSGSEND = YES;
				ENABLE_TESTABILITY = YES;
				GCC_C_LANGUAGE_STANDARD = gnu11;
				GCC_DYNAMIC_NO_PIC = NO;
				GCC_NO_COMMON_BLOCKS = YES;
				GCC_OPTIMIZATION_LEVEL = 0;
				GCC_PREPROCESSOR_DEFINITIONS = (
					"DEBUG=1",
					"$(inherited)",
				);
				GCC_WARN_64_TO_32_BIT_CONVERSION = YES;
				GCC_WARN_ABOUT_RETURN_TYPE = YES_ERROR;
				GCC_WARN_UNDECLARED_SELECTOR = YES;
				GCC_WARN_UNINITIALIZED_AUTOS = YES_AGGRESSIVE;
				GCC_WARN_UNUSED_FUNCTION = YES;
				GCC_WARN_UNUSED_VARIABLE = YES;
				IPHONEOS_DEPLOYMENT_TARGET = 13.2;
				MTL_ENABLE_DEBUG_INFO = INCLUDE_SOURCE;
				MTL_FAST_MATH = YES;
				ONLY_ACTIVE_ARCH = YES;
				SDKROOT = iphoneos;
				SWIFT_ACTIVE_COMPILATION_CONDITIONS = DEBUG;
				SWIFT_OPTIMIZATION_LEVEL = "-Onone";
			};
			name = Debug;
		};
		E6C36889242AB82B004A8372 /* Release */ = {
			isa = XCBuildConfiguration;
			buildSettings = {
				ALWAYS_SEARCH_USER_PATHS = NO;
				CLANG_ANALYZER_NONNULL = YES;
				CLANG_ANALYZER_NUMBER_OBJECT_CONVERSION = YES_AGGRESSIVE;
				CLANG_CXX_LANGUAGE_STANDARD = "gnu++14";
				CLANG_CXX_LIBRARY = "libc++";
				CLANG_ENABLE_MODULES = YES;
				CLANG_ENABLE_OBJC_ARC = YES;
				CLANG_ENABLE_OBJC_WEAK = YES;
				CLANG_WARN_BLOCK_CAPTURE_AUTORELEASING = YES;
				CLANG_WARN_BOOL_CONVERSION = YES;
				CLANG_WARN_COMMA = YES;
				CLANG_WARN_CONSTANT_CONVERSION = YES;
				CLANG_WARN_DEPRECATED_OBJC_IMPLEMENTATIONS = YES;
				CLANG_WARN_DIRECT_OBJC_ISA_USAGE = YES_ERROR;
				CLANG_WARN_DOCUMENTATION_COMMENTS = YES;
				CLANG_WARN_EMPTY_BODY = YES;
				CLANG_WARN_ENUM_CONVERSION = YES;
				CLANG_WARN_INFINITE_RECURSION = YES;
				CLANG_WARN_INT_CONVERSION = YES;
				CLANG_WARN_NON_LITERAL_NULL_CONVERSION = YES;
				CLANG_WARN_OBJC_IMPLICIT_RETAIN_SELF = YES;
				CLANG_WARN_OBJC_LITERAL_CONVERSION = YES;
				CLANG_WARN_OBJC_ROOT_CLASS = YES_ERROR;
				CLANG_WARN_RANGE_LOOP_ANALYSIS = YES;
				CLANG_WARN_STRICT_PROTOTYPES = YES;
				CLANG_WARN_SUSPICIOUS_MOVE = YES;
				CLANG_WARN_UNGUARDED_AVAILABILITY = YES_AGGRESSIVE;
				CLANG_WARN_UNREACHABLE_CODE = YES;
				CLANG_WARN__DUPLICATE_METHOD_MATCH = YES;
				COPY_PHASE_STRIP = NO;
				DEBUG_INFORMATION_FORMAT = "dwarf-with-dsym";
				ENABLE_NS_ASSERTIONS = NO;
				ENABLE_STRICT_OBJC_MSGSEND = YES;
				GCC_C_LANGUAGE_STANDARD = gnu11;
				GCC_NO_COMMON_BLOCKS = YES;
				GCC_WARN_64_TO_32_BIT_CONVERSION = YES;
				GCC_WARN_ABOUT_RETURN_TYPE = YES_ERROR;
				GCC_WARN_UNDECLARED_SELECTOR = YES;
				GCC_WARN_UNINITIALIZED_AUTOS = YES_AGGRESSIVE;
				GCC_WARN_UNUSED_FUNCTION = YES;
				GCC_WARN_UNUSED_VARIABLE = YES;
				IPHONEOS_DEPLOYMENT_TARGET = 13.2;
				MTL_ENABLE_DEBUG_INFO = NO;
				MTL_FAST_MATH = YES;
				SDKROOT = iphoneos;
				SWIFT_COMPILATION_MODE = wholemodule;
				SWIFT_OPTIMIZATION_LEVEL = "-O";
				VALIDATE_PRODUCT = YES;
			};
			name = Release;
		};
		E6C3688B242AB82B004A8372 /* Debug */ = {
			isa = XCBuildConfiguration;
			buildSettings = {
				ASSETCATALOG_COMPILER_APPICON_NAME = AppIcon;
				CODE_SIGN_STYLE = Automatic;
				DEVELOPMENT_TEAM = T2QF3USGP2;
				INFOPLIST_FILE = GHFollowers/Info.plist;
				LD_RUNPATH_SEARCH_PATHS = (
					"$(inherited)",
					"@executable_path/Frameworks",
				);
				PRODUCT_BUNDLE_IDENTIFIER = com.dev.eder.GHFollowers;
				PRODUCT_NAME = "$(TARGET_NAME)";
				SWIFT_VERSION = 5.0;
				TARGETED_DEVICE_FAMILY = 1;
			};
			name = Debug;
		};
		E6C3688C242AB82B004A8372 /* Release */ = {
			isa = XCBuildConfiguration;
			buildSettings = {
				ASSETCATALOG_COMPILER_APPICON_NAME = AppIcon;
				CODE_SIGN_STYLE = Automatic;
				DEVELOPMENT_TEAM = T2QF3USGP2;
				INFOPLIST_FILE = GHFollowers/Info.plist;
				LD_RUNPATH_SEARCH_PATHS = (
					"$(inherited)",
					"@executable_path/Frameworks",
				);
				PRODUCT_BUNDLE_IDENTIFIER = com.dev.eder.GHFollowers;
				PRODUCT_NAME = "$(TARGET_NAME)";
				SWIFT_VERSION = 5.0;
				TARGETED_DEVICE_FAMILY = 1;
			};
			name = Release;
		};
		E6C3688E242AB82B004A8372 /* Debug */ = {
			isa = XCBuildConfiguration;
			buildSettings = {
				ALWAYS_EMBED_SWIFT_STANDARD_LIBRARIES = YES;
				BUNDLE_LOADER = "$(TEST_HOST)";
				CODE_SIGN_STYLE = Automatic;
				INFOPLIST_FILE = GHFollowersTests/Info.plist;
				IPHONEOS_DEPLOYMENT_TARGET = 13.2;
				LD_RUNPATH_SEARCH_PATHS = (
					"$(inherited)",
					"@executable_path/Frameworks",
					"@loader_path/Frameworks",
				);
				PRODUCT_BUNDLE_IDENTIFIER = com.dev.eder.GHFollowersTests;
				PRODUCT_NAME = "$(TARGET_NAME)";
				SWIFT_VERSION = 5.0;
				TARGETED_DEVICE_FAMILY = "1,2";
				TEST_HOST = "$(BUILT_PRODUCTS_DIR)/GHFollowers.app/GHFollowers";
			};
			name = Debug;
		};
		E6C3688F242AB82B004A8372 /* Release */ = {
			isa = XCBuildConfiguration;
			buildSettings = {
				ALWAYS_EMBED_SWIFT_STANDARD_LIBRARIES = YES;
				BUNDLE_LOADER = "$(TEST_HOST)";
				CODE_SIGN_STYLE = Automatic;
				INFOPLIST_FILE = GHFollowersTests/Info.plist;
				IPHONEOS_DEPLOYMENT_TARGET = 13.2;
				LD_RUNPATH_SEARCH_PATHS = (
					"$(inherited)",
					"@executable_path/Frameworks",
					"@loader_path/Frameworks",
				);
				PRODUCT_BUNDLE_IDENTIFIER = com.dev.eder.GHFollowersTests;
				PRODUCT_NAME = "$(TARGET_NAME)";
				SWIFT_VERSION = 5.0;
				TARGETED_DEVICE_FAMILY = "1,2";
				TEST_HOST = "$(BUILT_PRODUCTS_DIR)/GHFollowers.app/GHFollowers";
			};
			name = Release;
		};
		E6C36891242AB82B004A8372 /* Debug */ = {
			isa = XCBuildConfiguration;
			buildSettings = {
				ALWAYS_EMBED_SWIFT_STANDARD_LIBRARIES = YES;
				CODE_SIGN_STYLE = Automatic;
				INFOPLIST_FILE = GHFollowersUITests/Info.plist;
				LD_RUNPATH_SEARCH_PATHS = (
					"$(inherited)",
					"@executable_path/Frameworks",
					"@loader_path/Frameworks",
				);
				PRODUCT_BUNDLE_IDENTIFIER = com.dev.eder.GHFollowersUITests;
				PRODUCT_NAME = "$(TARGET_NAME)";
				SWIFT_VERSION = 5.0;
				TARGETED_DEVICE_FAMILY = "1,2";
				TEST_TARGET_NAME = GHFollowers;
			};
			name = Debug;
		};
		E6C36892242AB82B004A8372 /* Release */ = {
			isa = XCBuildConfiguration;
			buildSettings = {
				ALWAYS_EMBED_SWIFT_STANDARD_LIBRARIES = YES;
				CODE_SIGN_STYLE = Automatic;
				INFOPLIST_FILE = GHFollowersUITests/Info.plist;
				LD_RUNPATH_SEARCH_PATHS = (
					"$(inherited)",
					"@executable_path/Frameworks",
					"@loader_path/Frameworks",
				);
				PRODUCT_BUNDLE_IDENTIFIER = com.dev.eder.GHFollowersUITests;
				PRODUCT_NAME = "$(TARGET_NAME)";
				SWIFT_VERSION = 5.0;
				TARGETED_DEVICE_FAMILY = "1,2";
				TEST_TARGET_NAME = GHFollowers;
			};
			name = Release;
		};
/* End XCBuildConfiguration section */

/* Begin XCConfigurationList section */
		E6C3685B242AB825004A8372 /* Build configuration list for PBXProject "GHFollowers" */ = {
			isa = XCConfigurationList;
			buildConfigurations = (
				E6C36888242AB82B004A8372 /* Debug */,
				E6C36889242AB82B004A8372 /* Release */,
			);
			defaultConfigurationIsVisible = 0;
			defaultConfigurationName = Release;
		};
		E6C3688A242AB82B004A8372 /* Build configuration list for PBXNativeTarget "GHFollowers" */ = {
			isa = XCConfigurationList;
			buildConfigurations = (
				E6C3688B242AB82B004A8372 /* Debug */,
				E6C3688C242AB82B004A8372 /* Release */,
			);
			defaultConfigurationIsVisible = 0;
			defaultConfigurationName = Release;
		};
		E6C3688D242AB82B004A8372 /* Build configuration list for PBXNativeTarget "GHFollowersTests" */ = {
			isa = XCConfigurationList;
			buildConfigurations = (
				E6C3688E242AB82B004A8372 /* Debug */,
				E6C3688F242AB82B004A8372 /* Release */,
			);
			defaultConfigurationIsVisible = 0;
			defaultConfigurationName = Release;
		};
		E6C36890242AB82B004A8372 /* Build configuration list for PBXNativeTarget "GHFollowersUITests" */ = {
			isa = XCConfigurationList;
			buildConfigurations = (
				E6C36891242AB82B004A8372 /* Debug */,
				E6C36892242AB82B004A8372 /* Release */,
			);
			defaultConfigurationIsVisible = 0;
			defaultConfigurationName = Release;
		};
/* End XCConfigurationList section */
	};
	rootObject = E6C36858242AB825004A8372 /* Project object */;
}
